
Microsoft Visual Studio Solution File, Format Version 12.00
# Visual Studio 2012
Project("{f2a71f9b-5d33-465a-a702-920d77279786}") = "NoiseGameplayKit", "NoiseGameplayKit.fsproj", "{E5356288-E154-4DAD-A0C6-0E743E9419A8}"
EndProject
Global
	GlobalSection(SolutionConfigurationPlatforms) = preSolution
		Debug|iPhoneSimulator = Debug|iPhoneSimulator
		Release|iPhone = Release|iPhone
		Release|iPhoneSimulator = Release|iPhoneSimulator
		Debug|iPhone = Debug|iPhone
	EndGlobalSection
	GlobalSection(ProjectConfigurationPlatforms) = postSolution
		{E5356288-E154-4DAD-A0C6-0E743E9419A8}.Debug|iPhoneSimulator.ActiveCfg = Debug|iPhoneSimulator
		{E5356288-E154-4DAD-A0C6-0E743E9419A8}.Debug|iPhoneSimulator.Build.0 = Debug|iPhoneSimulator
		{E5356288-E154-4DAD-A0C6-0E743E9419A8}.Release|iPhone.ActiveCfg = Release|iPhone
		{E5356288-E154-4DAD-A0C6-0E743E9419A8}.Release|iPhone.Build.0 = Release|iPhone
		{E5356288-E154-4DAD-A0C6-0E743E9419A8}.Release|iPhoneSimulator.ActiveCfg = Release|iPhoneSimulator
		{E5356288-E154-4DAD-A0C6-0E743E9419A8}.Release|iPhoneSimulator.Build.0 = Release|iPhoneSimulator
		{E5356288-E154-4DAD-A0C6-0E743E9419A8}.Debug|iPhone.ActiveCfg = Debug|iPhone
		{E5356288-E154-4DAD-A0C6-0E743E9419A8}.Debug|iPhone.Build.0 = Debug|iPhone
	EndGlobalSection
EndGlobal
